Microsoft Visual Studio Solution File, Format Version 12.00
# Visual Studio Version 17
VisualStudioVersion = 17.3.32922.545
MinimumVisualStudioVersion = 10.0.40219.1
Project("{FAE04EC0-301F-11D3-BF4B-00C04F79EFBC}") = "Client", "Client\Client.csproj", "{57A35A3B-852A-4FD9-A244-4D14145976F1}"
EndProject
Project("{D954291E-2A0B-460D-934E-DC6B0785DB48}") = "Shared", "Shared\Shared.shproj", "{DEB32EEA-B8AB-454D-BBF5-4888927FEE6F}"
EndProject
Project("{FAE04EC0-301F-11D3-BF4B-00C04F79EFBC}") = "Server", "Server\Server.csproj", "{EE024717-1CBC-4AD6-84BC-48E62AFC827E}"
EndProject
Global
	GlobalSection(SolutionConfigurationPlatforms) = preSolution
		Debug|x64 = Debug|x64
		Debug|x86 = Debug|x86
		Release|x64 = Release|x64
		Release|x86 = Release|x86
	EndGlobalSection
	GlobalSection(ProjectConfigurationPlatforms) = postSolution
		{57A35A3B-852A-4FD9-A244-4D14145976F1}.Debug|x64.ActiveCfg = Debug|x64
		{57A35A3B-852A-4FD9-A244-4D14145976F1}.Debug|x64.Build.0 = Debug|x64
		{57A35A3B-852A-4FD9-A244-4D14145976F1}.Debug|x86.ActiveCfg = Debug|x86
		{57A35A3B-852A-4FD9-A244-4D14145976F1}.Debug|x86.Build.0 = Debug|x86
		{57A35A3B-852A-4FD9-A244-4D14145976F1}.Release|x64.ActiveCfg = Release|x64
		{57A35A3B-852A-4FD9-A244-4D14145976F1}.Release|x64.Build.0 = Release|x64
		{57A35A3B-852A-4FD9-A244-4D14145976F1}.Release|x86.ActiveCfg = Release|x86
		{57A35A3B-852A-4FD9-A244-4D14145976F1}.Release|x86.Build.0 = Release|x86
		{EE024717-1CBC-4AD6-84BC-48E62AFC827E}.Debug|x64.ActiveCfg = Debug|x64
		{EE024717-1CBC-4AD6-84BC-48E62AFC827E}.Debug|x64.Build.0 = Debug|x64
		{EE024717-1CBC-4AD6-84BC-48E62AFC827E}.Debug|x86.ActiveCfg = Debug|x86
		{EE024717-1CBC-4AD6-84BC-48E62AFC827E}.Debug|x86.Build.0 = Debug|x86
		{EE024717-1CBC-4AD6-84BC-48E62AFC827E}.Release|x64.ActiveCfg = Release|x64
		{EE024717-1CBC-4AD6-84BC-48E62AFC827E}.Release|x64.Build.0 = Release|x64
		{EE024717-1CBC-4AD6-84BC-48E62AFC827E}.Release|x86.ActiveCfg = Release|x86
		{EE024717-1CBC-4AD6-84BC-48E62AFC827E}.Release|x86.Build.0 = Release|x86
	EndGlobalSection
	GlobalSection(SolutionProperties) = preSolution
		HideSolutionNode = FALSE
	EndGlobalSection
	GlobalSection(ExtensibilityGlobals) = postSolution
		SolutionGuid = {4FC87512-25C4-4DC7-A665-8BE7B9018A01}
	EndGlobalSection
	GlobalSection(SharedMSBuildProjectFiles) = preSolution
		Shared\Shared.projitems*{57a35a3b-852a-4fd9-a244-4d14145976f1}*SharedItemsImports = 4
		Shared\Shared.projitems*{deb32eea-b8ab-454d-bbf5-4888927fee6f}*SharedItemsImports = 13
	EndGlobalSection
EndGlobal
