Microsoft Visual Studio Solution File, Format Version 12.00
# Visual Studio Version 17
VisualStudioVersion = 17.3.32922.545
MinimumVisualStudioVersion = 10.0.40219.1
Project("{D954291E-2A0B-460D-934E-DC6B0785DB48}") = "Shared", "Shared\Shared.shproj", "{DEB32EEA-B8AB-454D-BBF5-4888927FEE6F}"
EndProject
Project("{8BC9CEB8-8B4A-11D0-8D11-00A0C91BC942}") = "Prime", "Prime\Prime.vcxproj", "{FD60C837-E4BB-4856-A254-B96A17D03D34}"
EndProject
Project("{9A19103F-16F7-4668-BE54-9A1E7A4F7556}") = "Client", "Client\Client.csproj", "{906E47F4-B7E2-453A-ADCA-1B74F4E514A7}"
EndProject
Project("{9A19103F-16F7-4668-BE54-9A1E7A4F7556}") = "Server", "Server\Server.csproj", "{6BF0CF41-599F-4856-A8FE-0B8DD3E08182}"
EndProject
Project("{9A19103F-16F7-4668-BE54-9A1E7A4F7556}") = "UnitTests", "UnitTests\UnitTests.csproj", "{73019F51-D001-412C-9E98-10C2F8EDC340}"
EndProject
Global
	GlobalSection(SolutionConfigurationPlatforms) = preSolution
		Debug|x64 = Debug|x64
		Debug|x86 = Debug|x86
		Release|x64 = Release|x64
		Release|x86 = Release|x86
	EndGlobalSection
	GlobalSection(ProjectConfigurationPlatforms) = postSolution
		{FD60C837-E4BB-4856-A254-B96A17D03D34}.Debug|x64.ActiveCfg = Release|x64
		{FD60C837-E4BB-4856-A254-B96A17D03D34}.Debug|x64.Build.0 = Release|x64
		{FD60C837-E4BB-4856-A254-B96A17D03D34}.Debug|x86.ActiveCfg = Release|Win32
		{FD60C837-E4BB-4856-A254-B96A17D03D34}.Debug|x86.Build.0 = Release|Win32
		{FD60C837-E4BB-4856-A254-B96A17D03D34}.Release|x64.ActiveCfg = Release|x64
		{FD60C837-E4BB-4856-A254-B96A17D03D34}.Release|x64.Build.0 = Release|x64
		{FD60C837-E4BB-4856-A254-B96A17D03D34}.Release|x86.ActiveCfg = Release|Win32
		{FD60C837-E4BB-4856-A254-B96A17D03D34}.Release|x86.Build.0 = Release|Win32
		{906E47F4-B7E2-453A-ADCA-1B74F4E514A7}.Debug|x64.ActiveCfg = Debug|x64
		{906E47F4-B7E2-453A-ADCA-1B74F4E514A7}.Debug|x64.Build.0 = Debug|x64
		{906E47F4-B7E2-453A-ADCA-1B74F4E514A7}.Debug|x86.ActiveCfg = Debug|x86
		{906E47F4-B7E2-453A-ADCA-1B74F4E514A7}.Debug|x86.Build.0 = Debug|x86
		{906E47F4-B7E2-453A-ADCA-1B74F4E514A7}.Release|x64.ActiveCfg = Release|x64
		{906E47F4-B7E2-453A-ADCA-1B74F4E514A7}.Release|x64.Build.0 = Release|x64
		{906E47F4-B7E2-453A-ADCA-1B74F4E514A7}.Release|x86.ActiveCfg = Release|x86
		{906E47F4-B7E2-453A-ADCA-1B74F4E514A7}.Release|x86.Build.0 = Release|x86
		{6BF0CF41-599F-4856-A8FE-0B8DD3E08182}.Debug|x64.ActiveCfg = Debug|x64
		{6BF0CF41-599F-4856-A8FE-0B8DD3E08182}.Debug|x64.Build.0 = Debug|x64
		{6BF0CF41-599F-4856-A8FE-0B8DD3E08182}.Debug|x86.ActiveCfg = Debug|x86
		{6BF0CF41-599F-4856-A8FE-0B8DD3E08182}.Debug|x86.Build.0 = Debug|x86
		{6BF0CF41-599F-4856-A8FE-0B8DD3E08182}.Release|x64.ActiveCfg = Release|x64
		{6BF0CF41-599F-4856-A8FE-0B8DD3E08182}.Release|x64.Build.0 = Release|x64
		{6BF0CF41-599F-4856-A8FE-0B8DD3E08182}.Release|x86.ActiveCfg = Release|x86
		{6BF0CF41-599F-4856-A8FE-0B8DD3E08182}.Release|x86.Build.0 = Release|x86
		{73019F51-D001-412C-9E98-10C2F8EDC340}.Debug|x64.ActiveCfg = Debug|x64
		{73019F51-D001-412C-9E98-10C2F8EDC340}.Debug|x64.Build.0 = Debug|x64
		{73019F51-D001-412C-9E98-10C2F8EDC340}.Debug|x86.ActiveCfg = Debug|x86
		{73019F51-D001-412C-9E98-10C2F8EDC340}.Debug|x86.Build.0 = Debug|x86
		{73019F51-D001-412C-9E98-10C2F8EDC340}.Release|x64.ActiveCfg = Release|x64
		{73019F51-D001-412C-9E98-10C2F8EDC340}.Release|x86.ActiveCfg = Release|x86
	EndGlobalSection
	GlobalSection(SolutionProperties) = preSolution
		HideSolutionNode = FALSE
	EndGlobalSection
	GlobalSection(ExtensibilityGlobals) = postSolution
		SolutionGuid = {4FC87512-25C4-4DC7-A665-8BE7B9018A01}
	EndGlobalSection
	GlobalSection(SharedMSBuildProjectFiles) = preSolution
		Shared\Shared.projitems*{6bf0cf41-599f-4856-a8fe-0b8dd3e08182}*SharedItemsImports = 5
		Shared\Shared.projitems*{73019f51-d001-412c-9e98-10c2f8edc340}*SharedItemsImports = 5
		Shared\Shared.projitems*{906e47f4-b7e2-453a-adca-1b74f4e514a7}*SharedItemsImports = 5
		Shared\Shared.projitems*{deb32eea-b8ab-454d-bbf5-4888927fee6f}*SharedItemsImports = 13
	EndGlobalSection
EndGlobal
